{
    "_readme": [
        "This file locks the dependencies of your project to a known state",
        "Read more about it at https://getcomposer.org/doc/01-basic-usage.md#installing-dependencies",
        "This file is @generated automatically"
    ],
    "content-hash": "56d36acf19e936d3bbeda1132d5133aa",
    "packages": [
        {
            "name": "helvete/wage-calc",
            "version": "v1.4.0",
            "source": {
                "type": "git",
                "url": "https://github.com/helvete/salary_calc_tools.git",
                "reference": "e96deae03bc99a260e2a224349ef78e92b61746a"
            },
            "dist": {
                "type": "zip",
                "url": "https://api.github.com/repos/helvete/salary_calc_tools/zipball/e96deae03bc99a260e2a224349ef78e92b61746a",
                "reference": "e96deae03bc99a260e2a224349ef78e92b61746a",
                "shasum": ""
            },
            "bin": [
                "./src/salary_calc"
            ],
            "type": "library",
            "license": [
                "GPL-2.0"
            ],
            "authors": [
                {
                    "name": "helvete"
                }
            ],
            "description": "Wage calc utils",
            "support": {
                "source": "https://github.com/helvete/salary_calc_tools/tree/v1.4.0",
                "issues": "https://github.com/helvete/salary_calc_tools/issues"
            },
            "time": "2024-02-06T12:12:24+00:00"
        }
    ],
    "packages-dev": [],
    "aliases": [],
    "minimum-stability": "stable",
    "stability-flags": [],
    "prefer-stable": false,
    "prefer-lowest": false,
    "platform": {
        "php": ">= 7.0"
    },
    "platform-dev": [],
    "plugin-api-version": "2.0.0"
}
